
Microsoft Visual Studio Solution File, Format Version 12.00
# Visual Studio Version 17
VisualStudioVersion = 17.13.35818.85 d17.13
MinimumVisualStudioVersion = 10.0.40219.1
Project("{E24C65DC-7377-472B-9ABA-BC803B73C61A}") = "Apps - Copy", "E:\Project\DNET\BPOI\ALSI\Apps - Copy\", "{069A294A-5AC9-CA37-DC95-AA4D2629024E}"
	ProjectSection(WebsiteProperties) = preProject
		TargetFrameworkMoniker = ".NETFramework,Version%3Dv4.7.2"
		Debug.AspNetCompiler.VirtualPath = "/localhost_54423"
		Debug.AspNetCompiler.PhysicalPath = "E:\Project\DNET\BPOI\ALSI\Apps - Copy\"
		Debug.AspNetCompiler.TargetPath = "PrecompiledWeb\localhost_54423\"
		Debug.AspNetCompiler.Updateable = "true"
		Debug.AspNetCompiler.ForceOverwrite = "true"
		Debug.AspNetCompiler.FixedNames = "false"
		Debug.AspNetCompiler.Debug = "True"
		Release.AspNetCompiler.VirtualPath = "/localhost_54423"
		Release.AspNetCompiler.PhysicalPath = "E:\Project\DNET\BPOI\ALSI\Apps - Copy\"
		Release.AspNetCompiler.TargetPath = "PrecompiledWeb\localhost_54423\"
		Release.AspNetCompiler.Updateable = "true"
		Release.AspNetCompiler.ForceOverwrite = "true"
		Release.AspNetCompiler.FixedNames = "false"
		Release.AspNetCompiler.Debug = "False"
		VWDPort = "54423"
		SlnRelativePath = "E:\Project\DNET\BPOI\ALSI\Apps - Copy\"
	EndProjectSection
EndProject
Global
	GlobalSection(SolutionConfigurationPlatforms) = preSolution
		Debug|Any CPU = Debug|Any CPU
	EndGlobalSection
	GlobalSection(ProjectConfigurationPlatforms) = postSolution
		{069A294A-5AC9-CA37-DC95-AA4D2629024E}.Debug|Any CPU.ActiveCfg = Debug|Any CPU
		{069A294A-5AC9-CA37-DC95-AA4D2629024E}.Debug|Any CPU.Build.0 = Debug|Any CPU
	EndGlobalSection
	GlobalSection(SolutionProperties) = preSolution
		HideSolutionNode = FALSE
	EndGlobalSection
	GlobalSection(ExtensibilityGlobals) = postSolution
		SolutionGuid = {B549C256-236B-47C0-B3D6-0DF2C299E975}
	EndGlobalSection
EndGlobal
